
Microsoft Visual Studio Solution File, Format Version 12.00
# Visual Studio Version 16
VisualStudioVersion = 16.0.30907.101
MinimumVisualStudioVersion = 10.0.40219.1
Project("{FAE04EC0-301F-11D3-BF4B-00C04F79EFBC}") = "BobTaborFollowAlong", "BobTaborFollowAlong\BobTaborFollowAlong.csproj", "{C6F8C410-A271-43F5-BC2E-620E08A1B2B4}"
EndProject
Global
	GlobalSection(SolutionConfigurationPlatforms) = preSolution
		Debug|Any CPU = Debug|Any CPU
		Release|Any CPU = Release|Any CPU
	EndGlobalSection
	GlobalSection(ProjectConfigurationPlatforms) = postSolution
		{C6F8C410-A271-43F5-BC2E-620E08A1B2B4}.Debug|Any CPU.ActiveCfg = Debug|Any CPU
		{C6F8C410-A271-43F5-BC2E-620E08A1B2B4}.Debug|Any CPU.Build.0 = Debug|Any CPU
		{C6F8C410-A271-43F5-BC2E-620E08A1B2B4}.Release|Any CPU.ActiveCfg = Release|Any CPU
		{C6F8C410-A271-43F5-BC2E-620E08A1B2B4}.Release|Any CPU.Build.0 = Release|Any CPU
	EndGlobalSection
	GlobalSection(SolutionProperties) = preSolution
		HideSolutionNode = FALSE
	EndGlobalSection
	GlobalSection(ExtensibilityGlobals) = postSolution
		SolutionGuid = {CCF5E705-4A2E-4C7B-AC3D-35390D371FA5}
	EndGlobalSection
EndGlobal
